// !$*UTF8*$!
{
	archiveVersion = 1;
	classes = {
	};
	objectVersion = 50;
	objects = {

/* Begin PBXGroup section */
		2AE7C9E421C7270400C06B5A = {
			isa = PBXGroup;
			children = (
			);
			sourceTree = "<group>";
		};
/* End PBXGroup section */

/* Begin PBXProject section */
		2AE7C9E521C7270400C06B5A /* Project object */ = {
			isa = PBXProject;
			attributes = {
				LastUpgradeCheck = 1000;
			};
			buildConfigurationList = 2AE7C9E821C7270400C06B5A /* Build configuration list for PBXProject "BulkIPLookup" */;
			compatibilityVersion = "Xcode 9.3";
			developmentRegion = en;
			hasScannedForEncodings = 0;
			knownRegions = (
				en,
			);
			mainGroup = 2AE7C9E421C7270400C06B5A;
			projectDirPath = "";
			projectRoot = "";
			targets = (
			);
		};
/* End PBXProject section */

/* Begin XCBuildConfiguration section */
		2AE7C9E921C7270400C06B5A /* Debug */ = {
			isa = XCBuildConfiguration;
			buildSettings = {
			};
			name = Debug;
		};
		2AE7C9EA21C7270400C06B5A /* Release */ = {
			isa = XCBuildConfiguration;
			buildSettings = {
			};
			name = Release;
		};
/* End XCBuildConfiguration section */

/* Begin XCConfigurationList section */
		2AE7C9E821C7270400C06B5A /* Build configuration list for PBXProject "BulkIPLookup" */ = {
			isa = XCConfigurationList;
			buildConfigurations = (
				2AE7C9E921C7270400C06B5A /* Debug */,
				2AE7C9EA21C7270400C06B5A /* Release */,
			);
			defaultConfigurationIsVisible = 0;
			defaultConfigurationName = Release;
		};
/* End XCConfigurationList section */
	};
	rootObject = 2AE7C9E521C7270400C06B5A /* Project object */;
}
